{
  "name": "trail-examples-js",
  "version": "1.0.0",
  "lockfileVersion": 3,
  "requires": true,
  "packages": {
    "": {
      "name": "trail-examples-js",
      "version": "1.0.0",
      "dependencies": {
        "@trailprotocol/core": "^0.1.0"
      },
      "engines": {
        "node": ">=18.0.0"
      }
    },
    "node_modules/@trailprotocol/core": {
      "version": "0.1.0",
      "resolved": "https://registry.npmjs.org/@trailprotocol/core/-/core-0.1.0.tgz",
      "integrity": "sha512-Z+r00fubXc7g4qFdpxuwW07sfhiEScEUQ0KZ8hdvK8BSZfUo9I+EYlOAKvsAiMiJT0QHQ8jfdwnYqH6+RoABIA==",
      "license": "MIT",
      "bin": {
        "trail": "dist/bin/trail.js"
      },
      "engines": {
        "node": ">=18.0.0"
      }
    }
  }
}
